
Microsoft Visual Studio Solution File, Format Version 12.00
# Visual Studio 15
VisualStudioVersion = 15.0.26124.0
MinimumVisualStudioVersion = 15.0.26124.0
Project("{2150E333-8FDC-42A3-9474-1A3956D46DE8}") = "src", "src", "{90C04748-886C-4B9F-9724-41DAB68E36FE}"
EndProject
Project("{FAE04EC0-301F-11D3-BF4B-00C04F79EFBC}") = "GradeBook", "src\GradeBook\GradeBook.csproj", "{F4367796-09AC-4A70-97B3-F254B5B9FCAE}"
EndProject
Project("{2150E333-8FDC-42A3-9474-1A3956D46DE8}") = "test", "test", "{D7061400-3201-4397-90D8-D6E1E7832A70}"
EndProject
Project("{FAE04EC0-301F-11D3-BF4B-00C04F79EFBC}") = "GradeBook.Tests", "test\GradeBook.Tests\GradeBook.Tests.csproj", "{C3FA34E9-69B4-4E88-847E-A7BDE6129AE8}"
EndProject
Global
	GlobalSection(SolutionConfigurationPlatforms) = preSolution
		Debug|Any CPU = Debug|Any CPU
		Debug|x64 = Debug|x64
		Debug|x86 = Debug|x86
		Release|Any CPU = Release|Any CPU
		Release|x64 = Release|x64
		Release|x86 = Release|x86
	EndGlobalSection
	GlobalSection(SolutionProperties) = preSolution
		HideSolutionNode = FALSE
	EndGlobalSection
	GlobalSection(ProjectConfigurationPlatforms) = postSolution
		{F4367796-09AC-4A70-97B3-F254B5B9FCAE}.Debug|Any CPU.ActiveCfg = Debug|Any CPU
		{F4367796-09AC-4A70-97B3-F254B5B9FCAE}.Debug|Any CPU.Build.0 = Debug|Any CPU
		{F4367796-09AC-4A70-97B3-F254B5B9FCAE}.Debug|x64.ActiveCfg = Debug|Any CPU
		{F4367796-09AC-4A70-97B3-F254B5B9FCAE}.Debug|x64.Build.0 = Debug|Any CPU
		{F4367796-09AC-4A70-97B3-F254B5B9FCAE}.Debug|x86.ActiveCfg = Debug|Any CPU
		{F4367796-09AC-4A70-97B3-F254B5B9FCAE}.Debug|x86.Build.0 = Debug|Any CPU
		{F4367796-09AC-4A70-97B3-F254B5B9FCAE}.Release|Any CPU.ActiveCfg = Release|Any CPU
		{F4367796-09AC-4A70-97B3-F254B5B9FCAE}.Release|Any CPU.Build.0 = Release|Any CPU
		{F4367796-09AC-4A70-97B3-F254B5B9FCAE}.Release|x64.ActiveCfg = Release|Any CPU
		{F4367796-09AC-4A70-97B3-F254B5B9FCAE}.Release|x64.Build.0 = Release|Any CPU
		{F4367796-09AC-4A70-97B3-F254B5B9FCAE}.Release|x86.ActiveCfg = Release|Any CPU
		{F4367796-09AC-4A70-97B3-F254B5B9FCAE}.Release|x86.Build.0 = Release|Any CPU
		{C3FA34E9-69B4-4E88-847E-A7BDE6129AE8}.Debug|Any CPU.ActiveCfg = Debug|Any CPU
		{C3FA34E9-69B4-4E88-847E-A7BDE6129AE8}.Debug|Any CPU.Build.0 = Debug|Any CPU
		{C3FA34E9-69B4-4E88-847E-A7BDE6129AE8}.Debug|x64.ActiveCfg = Debug|Any CPU
		{C3FA34E9-69B4-4E88-847E-A7BDE6129AE8}.Debug|x64.Build.0 = Debug|Any CPU
		{C3FA34E9-69B4-4E88-847E-A7BDE6129AE8}.Debug|x86.ActiveCfg = Debug|Any CPU
		{C3FA34E9-69B4-4E88-847E-A7BDE6129AE8}.Debug|x86.Build.0 = Debug|Any CPU
		{C3FA34E9-69B4-4E88-847E-A7BDE6129AE8}.Release|Any CPU.ActiveCfg = Release|Any CPU
		{C3FA34E9-69B4-4E88-847E-A7BDE6129AE8}.Release|Any CPU.Build.0 = Release|Any CPU
		{C3FA34E9-69B4-4E88-847E-A7BDE6129AE8}.Release|x64.ActiveCfg = Release|Any CPU
		{C3FA34E9-69B4-4E88-847E-A7BDE6129AE8}.Release|x64.Build.0 = Release|Any CPU
		{C3FA34E9-69B4-4E88-847E-A7BDE6129AE8}.Release|x86.ActiveCfg = Release|Any CPU
		{C3FA34E9-69B4-4E88-847E-A7BDE6129AE8}.Release|x86.Build.0 = Release|Any CPU
	EndGlobalSection
	GlobalSection(NestedProjects) = preSolution
		{F4367796-09AC-4A70-97B3-F254B5B9FCAE} = {90C04748-886C-4B9F-9724-41DAB68E36FE}
		{C3FA34E9-69B4-4E88-847E-A7BDE6129AE8} = {D7061400-3201-4397-90D8-D6E1E7832A70}
	EndGlobalSection
EndGlobal
